// !$*UTF8*$!
{
	archiveVersion = 1;
	classes = {
	};
	objectVersion = 56;
	objects = {

/* Begin PBXBuildFile section */
		FF7E98422B6DBDB900A882E1 /* Soleus Pushup Reminder Watch App.app in Embed Watch Content */ = {isa = PBXBuildFile; fileRef = FF7E98412B6DBDB900A882E1 /* Soleus Pushup Reminder Watch App.app */; settings = {ATTRIBUTES = (RemoveHeadersOnCopy, ); }; };
		FF7E98472B6DBDB900A882E1 /* Soleus_Pushup_ReminderApp.swift in Sources */ = {isa = PBXBuildFile; fileRef = FF7E98462B6DBDB900A882E1 /* Soleus_Pushup_ReminderApp.swift */; };
		FF7E98492B6DBDB900A882E1 /* ContentView.swift in Sources */ = {isa = PBXBuildFile; fileRef = FF7E98482B6DBDB900A882E1 /* ContentView.swift */; };
		FF7E984B2B6DBDBB00A882E1 /* Assets.xcassets in Resources */ = {isa = PBXBuildFile; fileRef = FF7E984A2B6DBDBB00A882E1 /* Assets.xcassets */; };
		FF7E984E2B6DBDBB00A882E1 /* Preview Assets.xcassets in Resources */ = {isa = PBXBuildFile; fileRef = FF7E984D2B6DBDBB00A882E1 /* Preview Assets.xcassets */; };
		FF7E985F2B72DC6C00A882E1 /* WidgetKit.framework in Frameworks */ = {isa = PBXBuildFile; fileRef = FF7E985E2B72DC6C00A882E1 /* WidgetKit.framework */; };
		FF7E98612B72DC6C00A882E1 /* SwiftUI.framework in Frameworks */ = {isa = PBXBuildFile; fileRef = FF7E98602B72DC6C00A882E1 /* SwiftUI.framework */; };
		FF7E98642B72DC6C00A882E1 /* Complication.swift in Sources */ = {isa = PBXBuildFile; fileRef = FF7E98632B72DC6C00A882E1 /* Complication.swift */; };
		FF7E98662B72DC6E00A882E1 /* Assets.xcassets in Resources */ = {isa = PBXBuildFile; fileRef = FF7E98652B72DC6E00A882E1 /* Assets.xcassets */; };
		FF7E986A2B72DC6E00A882E1 /* ComplicationExtension.appex in Embed Foundation Extensions */ = {isa = PBXBuildFile; fileRef = FF7E985C2B72DC6C00A882E1 /* ComplicationExtension.appex */; settings = {ATTRIBUTES = (RemoveHeadersOnCopy, ); }; };
/* End PBXBuildFile section */

/* Begin PBXContainerItemProxy section */
		FF7E98432B6DBDB900A882E1 /* PBXContainerItemProxy */ = {
			isa = PBXContainerItemProxy;
			containerPortal = FF7E98352B6DBDB900A882E1 /* Project object */;
			proxyType = 1;
			remoteGlobalIDString = FF7E98402B6DBDB900A882E1;
			remoteInfo = "Soleus Pushup Reminder Watch App";
		};
		FF7E98682B72DC6E00A882E1 /* PBXContainerItemProxy */ = {
			isa = PBXContainerItemProxy;
			containerPortal = FF7E98352B6DBDB900A882E1 /* Project object */;
			proxyType = 1;
			remoteGlobalIDString = FF7E985B2B72DC6C00A882E1;
			remoteInfo = ComplicationExtension;
		};
/* End PBXContainerItemProxy section */

/* Begin PBXCopyFilesBuildPhase section */
		FF7E98542B6DBDBB00A882E1 /* Embed Watch Content */ = {
			isa = PBXCopyFilesBuildPhase;
			buildActionMask = 2147483647;
			dstPath = "$(CONTENTS_FOLDER_PATH)/Watch";
			dstSubfolderSpec = 16;
			files = (
				FF7E98422B6DBDB900A882E1 /* Soleus Pushup Reminder Watch App.app in Embed Watch Content */,
			);
			name = "Embed Watch Content";
			runOnlyForDeploymentPostprocessing = 0;
		};
		FF7E986E2B72DC6E00A882E1 /* Embed Foundation Extensions */ = {
			isa = PBXCopyFilesBuildPhase;
			buildActionMask = 2147483647;
			dstPath = "";
			dstSubfolderSpec = 13;
			files = (
				FF7E986A2B72DC6E00A882E1 /* ComplicationExtension.appex in Embed Foundation Extensions */,
			);
			name = "Embed Foundation Extensions";
			runOnlyForDeploymentPostprocessing = 0;
		};
/* End PBXCopyFilesBuildPhase section */

/* Begin PBXFileReference section */
		FF7E983B2B6DBDB900A882E1 /* Soleus Pushup Reminder.app */ = {isa = PBXFileReference; explicitFileType = wrapper.application; includeInIndex = 0; path = "Soleus Pushup Reminder.app"; sourceTree = BUILT_PRODUCTS_DIR; };
		FF7E98412B6DBDB900A882E1 /* Soleus Pushup Reminder Watch App.app */ = {isa = PBXFileReference; explicitFileType = wrapper.application; includeInIndex = 0; path = "Soleus Pushup Reminder Watch App.app"; sourceTree = BUILT_PRODUCTS_DIR; };
		FF7E98462B6DBDB900A882E1 /* Soleus_Pushup_ReminderApp.swift */ = {isa = PBXFileReference; lastKnownFileType = sourcecode.swift; path = Soleus_Pushup_ReminderApp.swift; sourceTree = "<group>"; };
		FF7E98482B6DBDB900A882E1 /* ContentView.swift */ = {isa = PBXFileReference; lastKnownFileType = sourcecode.swift; path = ContentView.swift; sourceTree = "<group>"; };
		FF7E984A2B6DBDBB00A882E1 /* Assets.xcassets */ = {isa = PBXFileReference; lastKnownFileType = folder.assetcatalog; path = Assets.xcassets; sourceTree = "<group>"; };
		FF7E984D2B6DBDBB00A882E1 /* Preview Assets.xcassets */ = {isa = PBXFileReference; lastKnownFileType = folder.assetcatalog; path = "Preview Assets.xcassets"; sourceTree = "<group>"; };
		FF7E985C2B72DC6C00A882E1 /* ComplicationExtension.appex */ = {isa = PBXFileReference; explicitFileType = "wrapper.app-extension"; includeInIndex = 0; path = ComplicationExtension.appex; sourceTree = BUILT_PRODUCTS_DIR; };
		FF7E985E2B72DC6C00A882E1 /* WidgetKit.framework */ = {isa = PBXFileReference; lastKnownFileType = wrapper.framework; name = WidgetKit.framework; path = System/Library/Frameworks/WidgetKit.framework; sourceTree = SDKROOT; };
		FF7E98602B72DC6C00A882E1 /* SwiftUI.framework */ = {isa = PBXFileReference; lastKnownFileType = wrapper.framework; name = SwiftUI.framework; path = System/Library/Frameworks/SwiftUI.framework; sourceTree = SDKROOT; };
		FF7E98632B72DC6C00A882E1 /* Complication.swift */ = {isa = PBXFileReference; lastKnownFileType = sourcecode.swift; path = Complication.swift; sourceTree = "<group>"; };
		FF7E98652B72DC6E00A882E1 /* Assets.xcassets */ = {isa = PBXFileReference; lastKnownFileType = folder.assetcatalog; path = Assets.xcassets; sourceTree = "<group>"; };
		FF7E98672B72DC6E00A882E1 /* Info.plist */ = {isa = PBXFileReference; lastKnownFileType = text.plist.xml; path = Info.plist; sourceTree = "<group>"; };
/* End PBXFileReference section */

/* Begin PBXFrameworksBuildPhase section */
		FF7E983E2B6DBDB900A882E1 /* Frameworks */ = {
			isa = PBXFrameworksBuildPhase;
			buildActionMask = 2147483647;
			files = (
			);
			runOnlyForDeploymentPostprocessing = 0;
		};
		FF7E98592B72DC6C00A882E1 /* Frameworks */ = {
			isa = PBXFrameworksBuildPhase;
			buildActionMask = 2147483647;
			files = (
				FF7E98612B72DC6C00A882E1 /* SwiftUI.framework in Frameworks */,
				FF7E985F2B72DC6C00A882E1 /* WidgetKit.framework in Frameworks */,
			);
			runOnlyForDeploymentPostprocessing = 0;
		};
/* End PBXFrameworksBuildPhase section */

/* Begin PBXGroup section */
		FF7E98342B6DBDB900A882E1 = {
			isa = PBXGroup;
			children = (
				FF7E98452B6DBDB900A882E1 /* Soleus Pushup Reminder Watch App */,
				FF7E98622B72DC6C00A882E1 /* Complication */,
				FF7E985D2B72DC6C00A882E1 /* Frameworks */,
				FF7E983C2B6DBDB900A882E1 /* Products */,
			);
			sourceTree = "<group>";
		};
		FF7E983C2B6DBDB900A882E1 /* Products */ = {
			isa = PBXGroup;
			children = (
				FF7E983B2B6DBDB900A882E1 /* Soleus Pushup Reminder.app */,
				FF7E98412B6DBDB900A882E1 /* Soleus Pushup Reminder Watch App.app */,
				FF7E985C2B72DC6C00A882E1 /* ComplicationExtension.appex */,
			);
			name = Products;
			sourceTree = "<group>";
		};
		FF7E98452B6DBDB900A882E1 /* Soleus Pushup Reminder Watch App */ = {
			isa = PBXGroup;
			children = (
				FF7E98462B6DBDB900A882E1 /* Soleus_Pushup_ReminderApp.swift */,
				FF7E98482B6DBDB900A882E1 /* ContentView.swift */,
				FF7E984A2B6DBDBB00A882E1 /* Assets.xcassets */,
				FF7E984C2B6DBDBB00A882E1 /* Preview Content */,
			);
			path = "Soleus Pushup Reminder Watch App";
			sourceTree = "<group>";
		};
		FF7E984C2B6DBDBB00A882E1 /* Preview Content */ = {
			isa = PBXGroup;
			children = (
				FF7E984D2B6DBDBB00A882E1 /* Preview Assets.xcassets */,
			);
			path = "Preview Content";
			sourceTree = "<group>";
		};
		FF7E985D2B72DC6C00A882E1 /* Frameworks */ = {
			isa = PBXGroup;
			children = (
				FF7E985E2B72DC6C00A882E1 /* WidgetKit.framework */,
				FF7E98602B72DC6C00A882E1 /* SwiftUI.framework */,
			);
			name = Frameworks;
			sourceTree = "<group>";
		};
		FF7E98622B72DC6C00A882E1 /* Complication */ = {
			isa = PBXGroup;
			children = (
				FF7E98632B72DC6C00A882E1 /* Complication.swift */,
				FF7E98652B72DC6E00A882E1 /* Assets.xcassets */,
				FF7E98672B72DC6E00A882E1 /* Info.plist */,
			);
			path = Complication;
			sourceTree = "<group>";
		};
/* End PBXGroup section */

/* Begin PBXNativeTarget section */
		FF7E983A2B6DBDB900A882E1 /* Soleus Pushup Reminder */ = {
			isa = PBXNativeTarget;
			buildConfigurationList = FF7E98552B6DBDBB00A882E1 /* Build configuration list for PBXNativeTarget "Soleus Pushup Reminder" */;
			buildPhases = (
				FF7E98392B6DBDB900A882E1 /* Resources */,
				FF7E98542B6DBDBB00A882E1 /* Embed Watch Content */,
			);
			buildRules = (
			);
			dependencies = (
				FF7E98442B6DBDB900A882E1 /* PBXTargetDependency */,
			);
			name = "Soleus Pushup Reminder";
			productName = "Soleus Pushup Reminder";
			productReference = FF7E983B2B6DBDB900A882E1 /* Soleus Pushup Reminder.app */;
			productType = "com.apple.product-type.application.watchapp2-container";
		};
		FF7E98402B6DBDB900A882E1 /* Soleus Pushup Reminder Watch App */ = {
			isa = PBXNativeTarget;
			buildConfigurationList = FF7E98512B6DBDBB00A882E1 /* Build configuration list for PBXNativeTarget "Soleus Pushup Reminder Watch App" */;
			buildPhases = (
				FF7E983D2B6DBDB900A882E1 /* Sources */,
				FF7E983E2B6DBDB900A882E1 /* Frameworks */,
				FF7E983F2B6DBDB900A882E1 /* Resources */,
				FF7E986E2B72DC6E00A882E1 /* Embed Foundation Extensions */,
			);
			buildRules = (
			);
			dependencies = (
				FF7E98692B72DC6E00A882E1 /* PBXTargetDependency */,
			);
			name = "Soleus Pushup Reminder Watch App";
			productName = "Soleus Pushup Reminder Watch App";
			productReference = FF7E98412B6DBDB900A882E1 /* Soleus Pushup Reminder Watch App.app */;
			productType = "com.apple.product-type.application";
		};
		FF7E985B2B72DC6C00A882E1 /* ComplicationExtension */ = {
			isa = PBXNativeTarget;
			buildConfigurationList = FF7E986B2B72DC6E00A882E1 /* Build configuration list for PBXNativeTarget "ComplicationExtension" */;
			buildPhases = (
				FF7E98582B72DC6C00A882E1 /* Sources */,
				FF7E98592B72DC6C00A882E1 /* Frameworks */,
				FF7E985A2B72DC6C00A882E1 /* Resources */,
			);
			buildRules = (
			);
			dependencies = (
			);
			name = ComplicationExtension;
			productName = ComplicationExtension;
			productReference = FF7E985C2B72DC6C00A882E1 /* ComplicationExtension.appex */;
			productType = "com.apple.product-type.app-extension";
		};
/* End PBXNativeTarget section */

/* Begin PBXProject section */
		FF7E98352B6DBDB900A882E1 /* Project object */ = {
			isa = PBXProject;
			attributes = {
				BuildIndependentTargetsInParallel = 1;
				LastSwiftUpdateCheck = 1520;
				LastUpgradeCheck = 1520;
				TargetAttributes = {
					FF7E983A2B6DBDB900A882E1 = {
						CreatedOnToolsVersion = 15.2;
					};
					FF7E98402B6DBDB900A882E1 = {
						CreatedOnToolsVersion = 15.2;
					};
					FF7E985B2B72DC6C00A882E1 = {
						CreatedOnToolsVersion = 15.2;
					};
				};
			};
			buildConfigurationList = FF7E98382B6DBDB900A882E1 /* Build configuration list for PBXProject "Soleus Pushup Reminder" */;
			compatibilityVersion = "Xcode 14.0";
			developmentRegion = en;
			hasScannedForEncodings = 0;
			knownRegions = (
				en,
				Base,
			);
			mainGroup = FF7E98342B6DBDB900A882E1;
			productRefGroup = FF7E983C2B6DBDB900A882E1 /* Products */;
			projectDirPath = "";
			projectRoot = "";
			targets = (
				FF7E983A2B6DBDB900A882E1 /* Soleus Pushup Reminder */,
				FF7E98402B6DBDB900A882E1 /* Soleus Pushup Reminder Watch App */,
				FF7E985B2B72DC6C00A882E1 /* ComplicationExtension */,
			);
		};
/* End PBXProject section */

/* Begin PBXResourcesBuildPhase section */
		FF7E98392B6DBDB900A882E1 /* Resources */ = {
			isa = PBXResourcesBuildPhase;
			buildActionMask = 2147483647;
			files = (
			);
			runOnlyForDeploymentPostprocessing = 0;
		};
		FF7E983F2B6DBDB900A882E1 /* Resources */ = {
			isa = PBXResourcesBuildPhase;
			buildActionMask = 2147483647;
			files = (
				FF7E984E2B6DBDBB00A882E1 /* Preview Assets.xcassets in Resources */,
				FF7E984B2B6DBDBB00A882E1 /* Assets.xcassets in Resources */,
			);
			runOnlyForDeploymentPostprocessing = 0;
		};
		FF7E985A2B72DC6C00A882E1 /* Resources */ = {
			isa = PBXResourcesBuildPhase;
			buildActionMask = 2147483647;
			files = (
				FF7E98662B72DC6E00A882E1 /* Assets.xcassets in Resources */,
			);
			runOnlyForDeploymentPostprocessing = 0;
		};
/* End PBXResourcesBuildPhase section */

/* Begin PBXSourcesBuildPhase section */
		FF7E983D2B6DBDB900A882E1 /* Sources */ = {
			isa = PBXSourcesBuildPhase;
			buildActionMask = 2147483647;
			files = (
				FF7E98492B6DBDB900A882E1 /* ContentView.swift in Sources */,
				FF7E98472B6DBDB900A882E1 /* Soleus_Pushup_ReminderApp.swift in Sources */,
			);
			runOnlyForDeploymentPostprocessing = 0;
		};
		FF7E98582B72DC6C00A882E1 /* Sources */ = {
			isa = PBXSourcesBuildPhase;
			buildActionMask = 2147483647;
			files = (
				FF7E98642B72DC6C00A882E1 /* Complication.swift in Sources */,
			);
			runOnlyForDeploymentPostprocessing = 0;
		};
/* End PBXSourcesBuildPhase section */

/* Begin PBXTargetDependency section */
		FF7E98442B6DBDB900A882E1 /* PBXTargetDependency */ = {
			isa = PBXTargetDependency;
			target = FF7E98402B6DBDB900A882E1 /* Soleus Pushup Reminder Watch App */;
			targetProxy = FF7E98432B6DBDB900A882E1 /* PBXContainerItemProxy */;
		};
		FF7E98692B72DC6E00A882E1 /* PBXTargetDependency */ = {
			isa = PBXTargetDependency;
			target = FF7E985B2B72DC6C00A882E1 /* ComplicationExtension */;
			targetProxy = FF7E98682B72DC6E00A882E1 /* PBXContainerItemProxy */;
		};
/* End PBXTargetDependency section */

/* Begin XCBuildConfiguration section */
		FF7E984F2B6DBDBB00A882E1 /* Debug */ = {
			isa = XCBuildConfiguration;
			buildSettings = {
				ALWAYS_SEARCH_USER_PATHS = NO;
				ASSETCATALOG_COMPILER_GENERATE_SWIFT_ASSET_SYMBOL_EXTENSIONS = YES;
				CLANG_ANALYZER_NONNULL = YES;
				CLANG_ANALYZER_NUMBER_OBJECT_CONVERSION = YES_AGGRESSIVE;
				CLANG_CXX_LANGUAGE_STANDARD = "gnu++20";
				CLANG_ENABLE_MODULES = YES;
				CLANG_ENABLE_OBJC_ARC = YES;
				CLANG_ENABLE_OBJC_WEAK = YES;
				CLANG_WARN_BLOCK_CAPTURE_AUTORELEASING = YES;
				CLANG_WARN_BOOL_CONVERSION = YES;
				CLANG_WARN_COMMA = YES;
				CLANG_WARN_CONSTANT_CONVERSION = YES;
				CLANG_WARN_DEPRECATED_OBJC_IMPLEMENTATIONS = YES;
				CLANG_WARN_DIRECT_OBJC_ISA_USAGE = YES_ERROR;
				CLANG_WARN_DOCUMENTATION_COMMENTS = YES;
				CLANG_WARN_EMPTY_BODY = YES;
				CLANG_WARN_ENUM_CONVERSION = YES;
				CLANG_WARN_INFINITE_RECURSION = YES;
				CLANG_WARN_INT_CONVERSION = YES;
				CLANG_WARN_NON_LITERAL_NULL_CONVERSION = YES;
				CLANG_WARN_OBJC_IMPLICIT_RETAIN_SELF = YES;
				CLANG_WARN_OBJC_LITERAL_CONVERSION = YES;
				CLANG_WARN_OBJC_ROOT_CLASS = YES_ERROR;
				CLANG_WARN_QUOTED_INCLUDE_IN_FRAMEWORK_HEADER = YES;
				CLANG_WARN_RANGE_LOOP_ANALYSIS = YES;
				CLANG_WARN_STRICT_PROTOTYPES = YES;
				CLANG_WARN_SUSPICIOUS_MOVE = YES;
				CLANG_WARN_UNGUARDED_AVAILABILITY = YES_AGGRESSIVE;
				CLANG_WARN_UNREACHABLE_CODE = YES;
				CLANG_WARN__DUPLICATE_METHOD_MATCH = YES;
				COPY_PHASE_STRIP = NO;
				DEBUG_INFORMATION_FORMAT = dwarf;
				ENABLE_STRICT_OBJC_MSGSEND = YES;
				ENABLE_TESTABILITY = YES;
				ENABLE_USER_SCRIPT_SANDBOXING = YES;
				GCC_C_LANGUAGE_STANDARD = gnu17;
				GCC_DYNAMIC_NO_PIC = NO;
				GCC_NO_COMMON_BLOCKS = YES;
				GCC_OPTIMIZATION_LEVEL = 0;
				GCC_PREPROCESSOR_DEFINITIONS = (
					"DEBUG=1",
					"$(inherited)",
				);
				GCC_WARN_64_TO_32_BIT_CONVERSION = YES;
				GCC_WARN_ABOUT_RETURN_TYPE = YES_ERROR;
				GCC_WARN_UNDECLARED_SELECTOR = YES;
				GCC_WARN_UNINITIALIZED_AUTOS = YES_AGGRESSIVE;
				GCC_WARN_UNUSED_FUNCTION = YES;
				GCC_WARN_UNUSED_VARIABLE = YES;
				LOCALIZATION_PREFERS_STRING_CATALOGS = YES;
				MTL_ENABLE_DEBUG_INFO = INCLUDE_SOURCE;
				MTL_FAST_MATH = YES;
				ONLY_ACTIVE_ARCH = YES;
				SWIFT_ACTIVE_COMPILATION_CONDITIONS = "DEBUG $(inherited)";
				SWIFT_OPTIMIZATION_LEVEL = "-Onone";
			};
			name = Debug;
		};
		FF7E98502B6DBDBB00A882E1 /* Release */ = {
			isa = XCBuildConfiguration;
			buildSettings = {
				ALWAYS_SEARCH_USER_PATHS = NO;
				ASSETCATALOG_COMPILER_GENERATE_SWIFT_ASSET_SYMBOL_EXTENSIONS = YES;
				CLANG_ANALYZER_NONNULL = YES;
				CLANG_ANALYZER_NUMBER_OBJECT_CONVERSION = YES_AGGRESSIVE;
				CLANG_CXX_LANGUAGE_STANDARD = "gnu++20";
				CLANG_ENABLE_MODULES = YES;
				CLANG_ENABLE_OBJC_ARC = YES;
				CLANG_ENABLE_OBJC_WEAK = YES;
				CLANG_WARN_BLOCK_CAPTURE_AUTORELEASING = YES;
				CLANG_WARN_BOOL_CONVERSION = YES;
				CLANG_WARN_COMMA = YES;
				CLANG_WARN_CONSTANT_CONVERSION = YES;
				CLANG_WARN_DEPRECATED_OBJC_IMPLEMENTATIONS = YES;
				CLANG_WARN_DIRECT_OBJC_ISA_USAGE = YES_ERROR;
				CLANG_WARN_DOCUMENTATION_COMMENTS = YES;
				CLANG_WARN_EMPTY_BODY = YES;
				CLANG_WARN_ENUM_CONVERSION = YES;
				CLANG_WARN_INFINITE_RECURSION = YES;
				CLANG_WARN_INT_CONVERSION = YES;
				CLANG_WARN_NON_LITERAL_NULL_CONVERSION = YES;
				CLANG_WARN_OBJC_IMPLICIT_RETAIN_SELF = YES;
				CLANG_WARN_OBJC_LITERAL_CONVERSION = YES;
				CLANG_WARN_OBJC_ROOT_CLASS = YES_ERROR;
				CLANG_WARN_QUOTED_INCLUDE_IN_FRAMEWORK_HEADER = YES;
				CLANG_WARN_RANGE_LOOP_ANALYSIS = YES;
				CLANG_WARN_STRICT_PROTOTYPES = YES;
				CLANG_WARN_SUSPICIOUS_MOVE = YES;
				CLANG_WARN_UNGUARDED_AVAILABILITY = YES_AGGRESSIVE;
				CLANG_WARN_UNREACHABLE_CODE = YES;
				CLANG_WARN__DUPLICATE_METHOD_MATCH = YES;
				COPY_PHASE_STRIP = NO;
				DEBUG_INFORMATION_FORMAT = "dwarf-with-dsym";
				ENABLE_NS_ASSERTIONS = NO;
				ENABLE_STRICT_OBJC_MSGSEND = YES;
				ENABLE_USER_SCRIPT_SANDBOXING = YES;
				GCC_C_LANGUAGE_STANDARD = gnu17;
				GCC_NO_COMMON_BLOCKS = YES;
				GCC_WARN_64_TO_32_BIT_CONVERSION = YES;
				GCC_WARN_ABOUT_RETURN_TYPE = YES_ERROR;
				GCC_WARN_UNDECLARED_SELECTOR = YES;
				GCC_WARN_UNINITIALIZED_AUTOS = YES_AGGRESSIVE;
				GCC_WARN_UNUSED_FUNCTION = YES;
				GCC_WARN_UNUSED_VARIABLE = YES;
				LOCALIZATION_PREFERS_STRING_CATALOGS = YES;
				MTL_ENABLE_DEBUG_INFO = NO;
				MTL_FAST_MATH = YES;
				SWIFT_COMPILATION_MODE = wholemodule;
			};
			name = Release;
		};
		FF7E98522B6DBDBB00A882E1 /* Debug */ = {
			isa = XCBuildConfiguration;
			buildSettings = {
				ALWAYS_EMBED_SWIFT_STANDARD_LIBRARIES = YES;
				ASSETCATALOG_COMPILER_APPICON_NAME = AppIcon;
				ASSETCATALOG_COMPILER_GLOBAL_ACCENT_COLOR_NAME = AccentColor;
				CODE_SIGN_STYLE = Automatic;
				CURRENT_PROJECT_VERSION = 1;
				DEVELOPMENT_ASSET_PATHS = "\"Soleus Pushup Reminder Watch App/Preview Content\"";
				DEVELOPMENT_TEAM = 2N8W95QN26;
				ENABLE_PREVIEWS = YES;
				GENERATE_INFOPLIST_FILE = YES;
				INFOPLIST_KEY_CFBundleDisplayName = "Soleus Pushup Reminder";
				INFOPLIST_KEY_UISupportedInterfaceOrientations = "UIInterfaceOrientationPortrait UIInterfaceOrientationPortraitUpsideDown";
				INFOPLIST_KEY_WKWatchOnly = YES;
				LD_RUNPATH_SEARCH_PATHS = (
					"$(inherited)",
					"@executable_path/Frameworks",
				);
				MARKETING_VERSION = 1.0;
				PRODUCT_BUNDLE_IDENTIFIER = "com.billgrace.Soleus-Pushup-Reminder.watchkitapp";
				PRODUCT_NAME = "$(TARGET_NAME)";
				SDKROOT = watchos;
				SKIP_INSTALL = YES;
				SWIFT_EMIT_LOC_STRINGS = YES;
				SWIFT_VERSION = 5.0;
				TARGETED_DEVICE_FAMILY = 4;
				WATCHOS_DEPLOYMENT_TARGET = 10.2;
			};
			name = Debug;
		};
		FF7E98532B6DBDBB00A882E1 /* Release */ = {
			isa = XCBuildConfiguration;
			buildSettings = {
				ALWAYS_EMBED_SWIFT_STANDARD_LIBRARIES = YES;
				ASSETCATALOG_COMPILER_APPICON_NAME = AppIcon;
				ASSETCATALOG_COMPILER_GLOBAL_ACCENT_COLOR_NAME = AccentColor;
				CODE_SIGN_STYLE = Automatic;
				CURRENT_PROJECT_VERSION = 1;
				DEVELOPMENT_ASSET_PATHS = "\"Soleus Pushup Reminder Watch App/Preview Content\"";
				DEVELOPMENT_TEAM = 2N8W95QN26;
				ENABLE_PREVIEWS = YES;
				GENERATE_INFOPLIST_FILE = YES;
				INFOPLIST_KEY_CFBundleDisplayName = "Soleus Pushup Reminder";
				INFOPLIST_KEY_UISupportedInterfaceOrientations = "UIInterfaceOrientationPortrait UIInterfaceOrientationPortraitUpsideDown";
				INFOPLIST_KEY_WKWatchOnly = YES;
				LD_RUNPATH_SEARCH_PATHS = (
					"$(inherited)",
					"@executable_path/Frameworks",
				);
				MARKETING_VERSION = 1.0;
				PRODUCT_BUNDLE_IDENTIFIER = "com.billgrace.Soleus-Pushup-Reminder.watchkitapp";
				PRODUCT_NAME = "$(TARGET_NAME)";
				SDKROOT = watchos;
				SKIP_INSTALL = YES;
				SWIFT_EMIT_LOC_STRINGS = YES;
				SWIFT_VERSION = 5.0;
				TARGETED_DEVICE_FAMILY = 4;
				VALIDATE_PRODUCT = YES;
				WATCHOS_DEPLOYMENT_TARGET = 10.2;
			};
			name = Release;
		};
		FF7E98562B6DBDBB00A882E1 /* Debug */ = {
			isa = XCBuildConfiguration;
			buildSettings = {
				ALWAYS_EMBED_SWIFT_STANDARD_LIBRARIES = YES;
				CODE_SIGN_STYLE = Automatic;
				CURRENT_PROJECT_VERSION = 1;
				DEVELOPMENT_TEAM = 2N8W95QN26;
				INFOPLIST_KEY_CFBundleDisplayName = "Soleus Pushup Reminder";
				MARKETING_VERSION = 1.0;
				PRODUCT_BUNDLE_IDENTIFIER = "com.billgrace.Soleus-Pushup-Reminder";
				PRODUCT_NAME = "$(TARGET_NAME)";
				SDKROOT = iphoneos;
				SWIFT_VERSION = 5.0;
			};
			name = Debug;
		};
		FF7E98572B6DBDBB00A882E1 /* Release */ = {
			isa = XCBuildConfiguration;
			buildSettings = {
				ALWAYS_EMBED_SWIFT_STANDARD_LIBRARIES = YES;
				CODE_SIGN_STYLE = Automatic;
				CURRENT_PROJECT_VERSION = 1;
				DEVELOPMENT_TEAM = 2N8W95QN26;
				INFOPLIST_KEY_CFBundleDisplayName = "Soleus Pushup Reminder";
				MARKETING_VERSION = 1.0;
				PRODUCT_BUNDLE_IDENTIFIER = "com.billgrace.Soleus-Pushup-Reminder";
				PRODUCT_NAME = "$(TARGET_NAME)";
				SDKROOT = iphoneos;
				SWIFT_VERSION = 5.0;
				VALIDATE_PRODUCT = YES;
			};
			name = Release;
		};
		FF7E986C2B72DC6E00A882E1 /* Debug */ = {
			isa = XCBuildConfiguration;
			buildSettings = {
				ASSETCATALOG_COMPILER_GLOBAL_ACCENT_COLOR_NAME = AccentColor;
				ASSETCATALOG_COMPILER_WIDGET_BACKGROUND_COLOR_NAME = WidgetBackground;
				CODE_SIGN_STYLE = Automatic;
				CURRENT_PROJECT_VERSION = 1;
				DEVELOPMENT_TEAM = 2N8W95QN26;
				GENERATE_INFOPLIST_FILE = YES;
				INFOPLIST_FILE = Complication/Info.plist;
				INFOPLIST_KEY_CFBundleDisplayName = Complication;
				INFOPLIST_KEY_NSHumanReadableCopyright = "";
				LD_RUNPATH_SEARCH_PATHS = (
					"$(inherited)",
					"@executable_path/Frameworks",
					"@executable_path/../../Frameworks",
					"@executable_path/../../../../Frameworks",
				);
				MARKETING_VERSION = 1.0;
				PRODUCT_BUNDLE_IDENTIFIER = "com.billgrace.Soleus-Pushup-Reminder.watchkitapp.Complication";
				PRODUCT_NAME = "$(TARGET_NAME)";
				SDKROOT = watchos;
				SKIP_INSTALL = YES;
				SWIFT_EMIT_LOC_STRINGS = YES;
				SWIFT_VERSION = 5.0;
				TARGETED_DEVICE_FAMILY = 4;
				WATCHOS_DEPLOYMENT_TARGET = 10.2;
			};
			name = Debug;
		};
		FF7E986D2B72DC6E00A882E1 /* Release */ = {
			isa = XCBuildConfiguration;
			buildSettings = {
				ASSETCATALOG_COMPILER_GLOBAL_ACCENT_COLOR_NAME = AccentColor;
				ASSETCATALOG_COMPILER_WIDGET_BACKGROUND_COLOR_NAME = WidgetBackground;
				CODE_SIGN_STYLE = Automatic;
				CURRENT_PROJECT_VERSION = 1;
				DEVELOPMENT_TEAM = 2N8W95QN26;
				GENERATE_INFOPLIST_FILE = YES;
				INFOPLIST_FILE = Complication/Info.plist;
				INFOPLIST_KEY_CFBundleDisplayName = Complication;
				INFOPLIST_KEY_NSHumanReadableCopyright = "";
				LD_RUNPATH_SEARCH_PATHS = (
					"$(inherited)",
					"@executable_path/Frameworks",
					"@executable_path/../../Frameworks",
					"@executable_path/../../../../Frameworks",
				);
				MARKETING_VERSION = 1.0;
				PRODUCT_BUNDLE_IDENTIFIER = "com.billgrace.Soleus-Pushup-Reminder.watchkitapp.Complication";
				PRODUCT_NAME = "$(TARGET_NAME)";
				SDKROOT = watchos;
				SKIP_INSTALL = YES;
				SWIFT_EMIT_LOC_STRINGS = YES;
				SWIFT_VERSION = 5.0;
				TARGETED_DEVICE_FAMILY = 4;
				VALIDATE_PRODUCT = YES;
				WATCHOS_DEPLOYMENT_TARGET = 10.2;
			};
			name = Release;
		};
/* End XCBuildConfiguration section */

/* Begin XCConfigurationList section */
		FF7E98382B6DBDB900A882E1 /* Build configuration list for PBXProject "Soleus Pushup Reminder" */ = {
			isa = XCConfigurationList;
			buildConfigurations = (
				FF7E984F2B6DBDBB00A882E1 /* Debug */,
				FF7E98502B6DBDBB00A882E1 /* Release */,
			);
			defaultConfigurationIsVisible = 0;
			defaultConfigurationName = Release;
		};
		FF7E98512B6DBDBB00A882E1 /* Build configuration list for PBXNativeTarget "Soleus Pushup Reminder Watch App" */ = {
			isa = XCConfigurationList;
			buildConfigurations = (
				FF7E98522B6DBDBB00A882E1 /* Debug */,
				FF7E98532B6DBDBB00A882E1 /* Release */,
			);
			defaultConfigurationIsVisible = 0;
			defaultConfigurationName = Release;
		};
		FF7E98552B6DBDBB00A882E1 /* Build configuration list for PBXNativeTarget "Soleus Pushup Reminder" */ = {
			isa = XCConfigurationList;
			buildConfigurations = (
				FF7E98562B6DBDBB00A882E1 /* Debug */,
				FF7E98572B6DBDBB00A882E1 /* Release */,
			);
			defaultConfigurationIsVisible = 0;
			defaultConfigurationName = Release;
		};
		FF7E986B2B72DC6E00A882E1 /* Build configuration list for PBXNativeTarget "ComplicationExtension" */ = {
			isa = XCConfigurationList;
			buildConfigurations = (
				FF7E986C2B72DC6E00A882E1 /* Debug */,
				FF7E986D2B72DC6E00A882E1 /* Release */,
			);
			defaultConfigurationIsVisible = 0;
			defaultConfigurationName = Release;
		};
/* End XCConfigurationList section */
	};
	rootObject = FF7E98352B6DBDB900A882E1 /* Project object */;
}
